Microsoft Visual Studio Solution File, Format Version 12.00
# Visual Studio Version 17
VisualStudioVersion = 17.5.2.0
MinimumVisualStudioVersion = 10.0.40219.1
Project("{FAE04EC0-301F-11D3-BF4B-00C04F79EFBC}") = "eduardoos.com_backend", "eduardoos.com_backend.csproj", "{FCFF60A3-90F2-08C2-0713-48E62AE290BB}"
EndProject
Global
	GlobalSection(SolutionConfigurationPlatforms) = preSolution
		Debug|Any CPU = Debug|Any CPU
		Release|Any CPU = Release|Any CPU
	EndGlobalSection
	GlobalSection(ProjectConfigurationPlatforms) = postSolution
		{FCFF60A3-90F2-08C2-0713-48E62AE290BB}.Debug|Any CPU.ActiveCfg = Debug|Any CPU
		{FCFF60A3-90F2-08C2-0713-48E62AE290BB}.Debug|Any CPU.Build.0 = Debug|Any CPU
		{FCFF60A3-90F2-08C2-0713-48E62AE290BB}.Release|Any CPU.ActiveCfg = Release|Any CPU
		{FCFF60A3-90F2-08C2-0713-48E62AE290BB}.Release|Any CPU.Build.0 = Release|Any CPU
	EndGlobalSection
	GlobalSection(SolutionProperties) = preSolution
		HideSolutionNode = FALSE
	EndGlobalSection
	GlobalSection(ExtensibilityGlobals) = postSolution
		SolutionGuid = {536D9B83-C939-4778-90F1-0E722BC843F4}
	EndGlobalSection
EndGlobal
